
Microsoft Visual Studio Solution File, Format Version 12.00
# Visual Studio Version 16
VisualStudioVersion = 16.0.29519.87
MinimumVisualStudioVersion = 10.0.40219.1
Project("{FAE04EC0-301F-11D3-BF4B-00C04F79EFBC}") = "POS", "POS.csproj", "{8E42AB31-01CB-4A32-B425-836E2471E3FA}"
EndProject
Global
	GlobalSection(SolutionConfigurationPlatforms) = preSolution
		Debug|Any CPU = Debug|Any CPU
		Release|Any CPU = Release|Any CPU
	EndGlobalSection
	GlobalSection(ProjectConfigurationPlatforms) = postSolution
		{8E42AB31-01CB-4A32-B425-836E2471E3FA}.Debug|Any CPU.ActiveCfg = Debug|Any CPU
		{8E42AB31-01CB-4A32-B425-836E2471E3FA}.Debug|Any CPU.Build.0 = Debug|Any CPU
		{8E42AB31-01CB-4A32-B425-836E2471E3FA}.Release|Any CPU.ActiveCfg = Release|Any CPU
		{8E42AB31-01CB-4A32-B425-836E2471E3FA}.Release|Any CPU.Build.0 = Release|Any CPU
	EndGlobalSection
	GlobalSection(SolutionProperties) = preSolution
		HideSolutionNode = FALSE
	EndGlobalSection
	GlobalSection(ExtensibilityGlobals) = postSolution
		SolutionGuid = {CF7D75A2-2C4A-4E94-BF14-03DB261E0370}
	EndGlobalSection
EndGlobal
